
Microsoft Visual Studio Solution File, Format Version 12.00
# Visual Studio Version 17
VisualStudioVersion = 17.1.32228.430
MinimumVisualStudioVersion = 10.0.40219.1
Project("{9A19103F-16F7-4668-BE54-9A1E7A4F7556}") = "Compiler", "Compiler\Compiler.csproj", "{9FBFA090-46AE-4246-B067-F02A4365C204}"
EndProject
Project("{FAE04EC0-301F-11D3-BF4B-00C04F79EFBC}") = "Tester", "Tester\Tester.csproj", "{D58F49F0-05ED-449D-823D-E922E594567A}"
EndProject
Global
	GlobalSection(SolutionConfigurationPlatforms) = preSolution
		Debug|Any CPU = Debug|Any CPU
		Release|Any CPU = Release|Any CPU
	EndGlobalSection
	GlobalSection(ProjectConfigurationPlatforms) = postSolution
		{9FBFA090-46AE-4246-B067-F02A4365C204}.Debug|Any CPU.ActiveCfg = Debug|Any CPU
		{9FBFA090-46AE-4246-B067-F02A4365C204}.Debug|Any CPU.Build.0 = Debug|Any CPU
		{9FBFA090-46AE-4246-B067-F02A4365C204}.Release|Any CPU.ActiveCfg = Release|Any CPU
		{9FBFA090-46AE-4246-B067-F02A4365C204}.Release|Any CPU.Build.0 = Release|Any CPU
		{D58F49F0-05ED-449D-823D-E922E594567A}.Debug|Any CPU.ActiveCfg = Debug|Any CPU
		{D58F49F0-05ED-449D-823D-E922E594567A}.Debug|Any CPU.Build.0 = Debug|Any CPU
		{D58F49F0-05ED-449D-823D-E922E594567A}.Release|Any CPU.ActiveCfg = Release|Any CPU
		{D58F49F0-05ED-449D-823D-E922E594567A}.Release|Any CPU.Build.0 = Release|Any CPU
	EndGlobalSection
	GlobalSection(SolutionProperties) = preSolution
		HideSolutionNode = FALSE
	EndGlobalSection
	GlobalSection(ExtensibilityGlobals) = postSolution
		SolutionGuid = {FBDEE779-3A28-4950-A6B4-D1C80041E82B}
	EndGlobalSection
EndGlobal
